
Microsoft Visual Studio Solution File, Format Version 12.00
# Visual Studio Version 16
VisualStudioVersion = 16.0.29519.87
MinimumVisualStudioVersion = 10.0.40219.1
Project("{FAE04EC0-301F-11D3-BF4B-00C04F79EFBC}") = "SUMATEAPPT2.Android", "SUMATEAPPT2\SUMATEAPPT2.Android\SUMATEAPPT2.Android.csproj", "{A724406E-714A-45D0-A444-BEBC1A103F10}"
EndProject
Project("{9A19103F-16F7-4668-BE54-9A1E7A4F7556}") = "SUMATEAPPT2", "SUMATEAPPT2\SUMATEAPPT2\SUMATEAPPT2.csproj", "{66D450B0-7C64-4EB0-9448-C86CBC9BF7C8}"
EndProject
Global
	GlobalSection(SolutionConfigurationPlatforms) = preSolution
		Debug|Any CPU = Debug|Any CPU
		Debug|iPhone = Debug|iPhone
		Debug|iPhoneSimulator = Debug|iPhoneSimulator
		Release|Any CPU = Release|Any CPU
		Release|iPhone = Release|iPhone
		Release|iPhoneSimulator = Release|iPhoneSimulator
	EndGlobalSection
	GlobalSection(ProjectConfigurationPlatforms) = postSolution
		{A724406E-714A-45D0-A444-BEBC1A103F10}.Debug|Any CPU.ActiveCfg = Debug|Any CPU
		{A724406E-714A-45D0-A444-BEBC1A103F10}.Debug|Any CPU.Build.0 = Debug|Any CPU
		{A724406E-714A-45D0-A444-BEBC1A103F10}.Debug|Any CPU.Deploy.0 = Debug|Any CPU
		{A724406E-714A-45D0-A444-BEBC1A103F10}.Debug|iPhone.ActiveCfg = Debug|Any CPU
		{A724406E-714A-45D0-A444-BEBC1A103F10}.Debug|iPhone.Build.0 = Debug|Any CPU
		{A724406E-714A-45D0-A444-BEBC1A103F10}.Debug|iPhone.Deploy.0 = Debug|Any CPU
		{A724406E-714A-45D0-A444-BEBC1A103F10}.Debug|iPhoneSimulator.ActiveCfg = Debug|Any CPU
		{A724406E-714A-45D0-A444-BEBC1A103F10}.Debug|iPhoneSimulator.Build.0 = Debug|Any CPU
		{A724406E-714A-45D0-A444-BEBC1A103F10}.Debug|iPhoneSimulator.Deploy.0 = Debug|Any CPU
		{A724406E-714A-45D0-A444-BEBC1A103F10}.Release|Any CPU.ActiveCfg = Release|Any CPU
		{A724406E-714A-45D0-A444-BEBC1A103F10}.Release|Any CPU.Build.0 = Release|Any CPU
		{A724406E-714A-45D0-A444-BEBC1A103F10}.Release|Any CPU.Deploy.0 = Release|Any CPU
		{A724406E-714A-45D0-A444-BEBC1A103F10}.Release|iPhone.ActiveCfg = Release|Any CPU
		{A724406E-714A-45D0-A444-BEBC1A103F10}.Release|iPhone.Build.0 = Release|Any CPU
		{A724406E-714A-45D0-A444-BEBC1A103F10}.Release|iPhone.Deploy.0 = Release|Any CPU
		{A724406E-714A-45D0-A444-BEBC1A103F10}.Release|iPhoneSimulator.ActiveCfg = Release|Any CPU
		{A724406E-714A-45D0-A444-BEBC1A103F10}.Release|iPhoneSimulator.Build.0 = Release|Any CPU
		{A724406E-714A-45D0-A444-BEBC1A103F10}.Release|iPhoneSimulator.Deploy.0 = Release|Any CPU
		{66D450B0-7C64-4EB0-9448-C86CBC9BF7C8}.Debug|Any CPU.ActiveCfg = Debug|Any CPU
		{66D450B0-7C64-4EB0-9448-C86CBC9BF7C8}.Debug|Any CPU.Build.0 = Debug|Any CPU
		{66D450B0-7C64-4EB0-9448-C86CBC9BF7C8}.Debug|Any CPU.Deploy.0 = Debug|Any CPU
		{66D450B0-7C64-4EB0-9448-C86CBC9BF7C8}.Debug|iPhone.ActiveCfg = Debug|Any CPU
		{66D450B0-7C64-4EB0-9448-C86CBC9BF7C8}.Debug|iPhone.Build.0 = Debug|Any CPU
		{66D450B0-7C64-4EB0-9448-C86CBC9BF7C8}.Debug|iPhone.Deploy.0 = Debug|Any CPU
		{66D450B0-7C64-4EB0-9448-C86CBC9BF7C8}.Debug|iPhoneSimulator.ActiveCfg = Debug|Any CPU
		{66D450B0-7C64-4EB0-9448-C86CBC9BF7C8}.Debug|iPhoneSimulator.Build.0 = Debug|Any CPU
		{66D450B0-7C64-4EB0-9448-C86CBC9BF7C8}.Debug|iPhoneSimulator.Deploy.0 = Debug|Any CPU
		{66D450B0-7C64-4EB0-9448-C86CBC9BF7C8}.Release|Any CPU.ActiveCfg = Release|Any CPU
		{66D450B0-7C64-4EB0-9448-C86CBC9BF7C8}.Release|Any CPU.Build.0 = Release|Any CPU
		{66D450B0-7C64-4EB0-9448-C86CBC9BF7C8}.Release|Any CPU.Deploy.0 = Release|Any CPU
		{66D450B0-7C64-4EB0-9448-C86CBC9BF7C8}.Release|iPhone.ActiveCfg = Release|Any CPU
		{66D450B0-7C64-4EB0-9448-C86CBC9BF7C8}.Release|iPhone.Build.0 = Release|Any CPU
		{66D450B0-7C64-4EB0-9448-C86CBC9BF7C8}.Release|iPhone.Deploy.0 = Release|Any CPU
		{66D450B0-7C64-4EB0-9448-C86CBC9BF7C8}.Release|iPhoneSimulator.ActiveCfg = Release|Any CPU
		{66D450B0-7C64-4EB0-9448-C86CBC9BF7C8}.Release|iPhoneSimulator.Build.0 = Release|Any CPU
		{66D450B0-7C64-4EB0-9448-C86CBC9BF7C8}.Release|iPhoneSimulator.Deploy.0 = Release|Any CPU
	EndGlobalSection
	GlobalSection(SolutionProperties) = preSolution
		HideSolutionNode = FALSE
	EndGlobalSection
	GlobalSection(ExtensibilityGlobals) = postSolution
		SolutionGuid = {D5FB9EDA-8018-40B7-BA90-022487411EE1}
	EndGlobalSection
EndGlobal
